// !$*UTF8*$!
{
	archiveVersion = 1;
	classes = {
	};
	objectVersion = 56;
	objects = {

/* Begin PBXBuildFile section */
		96F2B4CA2BFF8E5300B6EDFB /* H4X0R_NewsApp.swift in Sources */ = {isa = PBXBuildFile; fileRef = 96F2B4C92BFF8E5300B6EDFB /* H4X0R_NewsApp.swift */; };
		96F2B4CC2BFF8E5300B6EDFB /* ContentView.swift in Sources */ = {isa = PBXBuildFile; fileRef = 96F2B4CB2BFF8E5300B6EDFB /* ContentView.swift */; };
		96F2B4CE2BFF8E5500B6EDFB /* Assets.xcassets in Resources */ = {isa = PBXBuildFile; fileRef = 96F2B4CD2BFF8E5500B6EDFB /* Assets.xcassets */; };
		96F2B4D12BFF8E5500B6EDFB /* Preview Assets.xcassets in Resources */ = {isa = PBXBuildFile; fileRef = 96F2B4D02BFF8E5500B6EDFB /* Preview Assets.xcassets */; };
		96F2B4DB2BFF8E5600B6EDFB /* H4X0R_NewsTests.swift in Sources */ = {isa = PBXBuildFile; fileRef = 96F2B4DA2BFF8E5600B6EDFB /* H4X0R_NewsTests.swift */; };
		96F2B4E52BFF8E5600B6EDFB /* H4X0R_NewsUITests.swift in Sources */ = {isa = PBXBuildFile; fileRef = 96F2B4E42BFF8E5600B6EDFB /* H4X0R_NewsUITests.swift */; };
		96F2B4E72BFF8E5600B6EDFB /* H4X0R_NewsUITestsLaunchTests.swift in Sources */ = {isa = PBXBuildFile; fileRef = 96F2B4E62BFF8E5600B6EDFB /* H4X0R_NewsUITestsLaunchTests.swift */; };
		96F2B4F52BFF9C0D00B6EDFB /* NetworkManager.swift in Sources */ = {isa = PBXBuildFile; fileRef = 96F2B4F42BFF9C0D00B6EDFB /* NetworkManager.swift */; };
		96F2B4F72BFFB08500B6EDFB /* PostData.swift in Sources */ = {isa = PBXBuildFile; fileRef = 96F2B4F62BFFB08500B6EDFB /* PostData.swift */; };
		96F2B4FC2BFFBF9C00B6EDFB /* DetailView.swift in Sources */ = {isa = PBXBuildFile; fileRef = 96F2B4FB2BFFBF9C00B6EDFB /* DetailView.swift */; };
		96F2B4FE2BFFCBF600B6EDFB /* WebView.swift in Sources */ = {isa = PBXBuildFile; fileRef = 96F2B4FD2BFFCBF600B6EDFB /* WebView.swift */; };
/* End PBXBuildFile section */

/* Begin PBXContainerItemProxy section */
		96F2B4D72BFF8E5600B6EDFB /* PBXContainerItemProxy */ = {
			isa = PBXContainerItemProxy;
			containerPortal = 96F2B4BE2BFF8E5300B6EDFB /* Project object */;
			proxyType = 1;
			remoteGlobalIDString = 96F2B4C52BFF8E5300B6EDFB;
			remoteInfo = "H4X0R News";
		};
		96F2B4E12BFF8E5600B6EDFB /* PBXContainerItemProxy */ = {
			isa = PBXContainerItemProxy;
			containerPortal = 96F2B4BE2BFF8E5300B6EDFB /* Project object */;
			proxyType = 1;
			remoteGlobalIDString = 96F2B4C52BFF8E5300B6EDFB;
			remoteInfo = "H4X0R News";
		};
/* End PBXContainerItemProxy section */

/* Begin PBXFileReference section */
		96F2B4C62BFF8E5300B6EDFB /* H4X0R News.app */ = {isa = PBXFileReference; explicitFileType = wrapper.application; includeInIndex = 0; path = "H4X0R News.app"; sourceTree = BUILT_PRODUCTS_DIR; };
		96F2B4C92BFF8E5300B6EDFB /* H4X0R_NewsApp.swift */ = {isa = PBXFileReference; lastKnownFileType = sourcecode.swift; path = H4X0R_NewsApp.swift; sourceTree = "<group>"; };
		96F2B4CB2BFF8E5300B6EDFB /* ContentView.swift */ = {isa = PBXFileReference; lastKnownFileType = sourcecode.swift; path = ContentView.swift; sourceTree = "<group>"; };
		96F2B4CD2BFF8E5500B6EDFB /* Assets.xcassets */ = {isa = PBXFileReference; lastKnownFileType = folder.assetcatalog; path = Assets.xcassets; sourceTree = "<group>"; };
		96F2B4D02BFF8E5500B6EDFB /* Preview Assets.xcassets */ = {isa = PBXFileReference; lastKnownFileType = folder.assetcatalog; path = "Preview Assets.xcassets"; sourceTree = "<group>"; };
		96F2B4D62BFF8E5600B6EDFB /* H4X0R NewsTests.xctest */ = {isa = PBXFileReference; explicitFileType = wrapper.cfbundle; includeInIndex = 0; path = "H4X0R NewsTests.xctest"; sourceTree = BUILT_PRODUCTS_DIR; };
		96F2B4DA2BFF8E5600B6EDFB /* H4X0R_NewsTests.swift */ = {isa = PBXFileReference; lastKnownFileType = sourcecode.swift; path = H4X0R_NewsTests.swift; sourceTree = "<group>"; };
		96F2B4E02BFF8E5600B6EDFB /* H4X0R NewsUITests.xctest */ = {isa = PBXFileReference; explicitFileType = wrapper.cfbundle; includeInIndex = 0; path = "H4X0R NewsUITests.xctest"; sourceTree = BUILT_PRODUCTS_DIR; };
		96F2B4E42BFF8E5600B6EDFB /* H4X0R_NewsUITests.swift */ = {isa = PBXFileReference; lastKnownFileType = sourcecode.swift; path = H4X0R_NewsUITests.swift; sourceTree = "<group>"; };
		96F2B4E62BFF8E5600B6EDFB /* H4X0R_NewsUITestsLaunchTests.swift */ = {isa = PBXFileReference; lastKnownFileType = sourcecode.swift; path = H4X0R_NewsUITestsLaunchTests.swift; sourceTree = "<group>"; };
		96F2B4F42BFF9C0D00B6EDFB /* NetworkManager.swift */ = {isa = PBXFileReference; lastKnownFileType = sourcecode.swift; path = NetworkManager.swift; sourceTree = "<group>"; };
		96F2B4F62BFFB08500B6EDFB /* PostData.swift */ = {isa = PBXFileReference; lastKnownFileType = sourcecode.swift; path = PostData.swift; sourceTree = "<group>"; };
		96F2B4FB2BFFBF9C00B6EDFB /* DetailView.swift */ = {isa = PBXFileReference; lastKnownFileType = sourcecode.swift; path = DetailView.swift; sourceTree = "<group>"; };
		96F2B4FD2BFFCBF600B6EDFB /* WebView.swift */ = {isa = PBXFileReference; lastKnownFileType = sourcecode.swift; path = WebView.swift; sourceTree = "<group>"; };
/* End PBXFileReference section */

/* Begin PBXFrameworksBuildPhase section */
		96F2B4C32BFF8E5300B6EDFB /* Frameworks */ = {
			isa = PBXFrameworksBuildPhase;
			buildActionMask = 2147483647;
			files = (
			);
			runOnlyForDeploymentPostprocessing = 0;
		};
		96F2B4D32BFF8E5600B6EDFB /* Frameworks */ = {
			isa = PBXFrameworksBuildPhase;
			buildActionMask = 2147483647;
			files = (
			);
			runOnlyForDeploymentPostprocessing = 0;
		};
		96F2B4DD2BFF8E5600B6EDFB /* Frameworks */ = {
			isa = PBXFrameworksBuildPhase;
			buildActionMask = 2147483647;
			files = (
			);
			runOnlyForDeploymentPostprocessing = 0;
		};
/* End PBXFrameworksBuildPhase section */

/* Begin PBXGroup section */
		96F2B4BD2BFF8E5300B6EDFB = {
			isa = PBXGroup;
			children = (
				96F2B4F82BFFBE9F00B6EDFB /* Views */,
				96F2B4F32BFF9BFB00B6EDFB /* Models */,
				96F2B4C82BFF8E5300B6EDFB /* H4X0R News */,
				96F2B4D92BFF8E5600B6EDFB /* H4X0R NewsTests */,
				96F2B4E32BFF8E5600B6EDFB /* H4X0R NewsUITests */,
				96F2B4C72BFF8E5300B6EDFB /* Products */,
			);
			sourceTree = "<group>";
		};
		96F2B4C72BFF8E5300B6EDFB /* Products */ = {
			isa = PBXGroup;
			children = (
				96F2B4C62BFF8E5300B6EDFB /* H4X0R News.app */,
				96F2B4D62BFF8E5600B6EDFB /* H4X0R NewsTests.xctest */,
				96F2B4E02BFF8E5600B6EDFB /* H4X0R NewsUITests.xctest */,
			);
			name = Products;
			sourceTree = "<group>";
		};
		96F2B4C82BFF8E5300B6EDFB /* H4X0R News */ = {
			isa = PBXGroup;
			children = (
				96F2B4C92BFF8E5300B6EDFB /* H4X0R_NewsApp.swift */,
				96F2B4CD2BFF8E5500B6EDFB /* Assets.xcassets */,
				96F2B4CF2BFF8E5500B6EDFB /* Preview Content */,
			);
			path = "H4X0R News";
			sourceTree = "<group>";
		};
		96F2B4CF2BFF8E5500B6EDFB /* Preview Content */ = {
			isa = PBXGroup;
			children = (
				96F2B4D02BFF8E5500B6EDFB /* Preview Assets.xcassets */,
			);
			path = "Preview Content";
			sourceTree = "<group>";
		};
		96F2B4D92BFF8E5600B6EDFB /* H4X0R NewsTests */ = {
			isa = PBXGroup;
			children = (
				96F2B4DA2BFF8E5600B6EDFB /* H4X0R_NewsTests.swift */,
			);
			path = "H4X0R NewsTests";
			sourceTree = "<group>";
		};
		96F2B4E32BFF8E5600B6EDFB /* H4X0R NewsUITests */ = {
			isa = PBXGroup;
			children = (
				96F2B4E42BFF8E5600B6EDFB /* H4X0R_NewsUITests.swift */,
				96F2B4E62BFF8E5600B6EDFB /* H4X0R_NewsUITestsLaunchTests.swift */,
			);
			path = "H4X0R NewsUITests";
			sourceTree = "<group>";
		};
		96F2B4F32BFF9BFB00B6EDFB /* Models */ = {
			isa = PBXGroup;
			children = (
				96F2B4F42BFF9C0D00B6EDFB /* NetworkManager.swift */,
				96F2B4F62BFFB08500B6EDFB /* PostData.swift */,
			);
			path = Models;
			sourceTree = "<group>";
		};
		96F2B4F82BFFBE9F00B6EDFB /* Views */ = {
			isa = PBXGroup;
			children = (
				96F2B4CB2BFF8E5300B6EDFB /* ContentView.swift */,
				96F2B4FB2BFFBF9C00B6EDFB /* DetailView.swift */,
				96F2B4FD2BFFCBF600B6EDFB /* WebView.swift */,
			);
			path = Views;
			sourceTree = "<group>";
		};
/* End PBXGroup section */

/* Begin PBXNativeTarget section */
		96F2B4C52BFF8E5300B6EDFB /* H4X0R News */ = {
			isa = PBXNativeTarget;
			buildConfigurationList = 96F2B4EA2BFF8E5600B6EDFB /* Build configuration list for PBXNativeTarget "H4X0R News" */;
			buildPhases = (
				96F2B4C22BFF8E5300B6EDFB /* Sources */,
				96F2B4C32BFF8E5300B6EDFB /* Frameworks */,
				96F2B4C42BFF8E5300B6EDFB /* Resources */,
			);
			buildRules = (
			);
			dependencies = (
			);
			name = "H4X0R News";
			productName = "H4X0R News";
			productReference = 96F2B4C62BFF8E5300B6EDFB /* H4X0R News.app */;
			productType = "com.apple.product-type.application";
		};
		96F2B4D52BFF8E5600B6EDFB /* H4X0R NewsTests */ = {
			isa = PBXNativeTarget;
			buildConfigurationList = 96F2B4ED2BFF8E5600B6EDFB /* Build configuration list for PBXNativeTarget "H4X0R NewsTests" */;
			buildPhases = (
				96F2B4D22BFF8E5600B6EDFB /* Sources */,
				96F2B4D32BFF8E5600B6EDFB /* Frameworks */,
				96F2B4D42BFF8E5600B6EDFB /* Resources */,
			);
			buildRules = (
			);
			dependencies = (
				96F2B4D82BFF8E5600B6EDFB /* PBXTargetDependency */,
			);
			name = "H4X0R NewsTests";
			productName = "H4X0R NewsTests";
			productReference = 96F2B4D62BFF8E5600B6EDFB /* H4X0R NewsTests.xctest */;
			productType = "com.apple.product-type.bundle.unit-test";
		};
		96F2B4DF2BFF8E5600B6EDFB /* H4X0R NewsUITests */ = {
			isa = PBXNativeTarget;
			buildConfigurationList = 96F2B4F02BFF8E5600B6EDFB /* Build configuration list for PBXNativeTarget "H4X0R NewsUITests" */;
			buildPhases = (
				96F2B4DC2BFF8E5600B6EDFB /* Sources */,
				96F2B4DD2BFF8E5600B6EDFB /* Frameworks */,
				96F2B4DE2BFF8E5600B6EDFB /* Resources */,
			);
			buildRules = (
			);
			dependencies = (
				96F2B4E22BFF8E5600B6EDFB /* PBXTargetDependency */,
			);
			name = "H4X0R NewsUITests";
			productName = "H4X0R NewsUITests";
			productReference = 96F2B4E02BFF8E5600B6EDFB /* H4X0R NewsUITests.xctest */;
			productType = "com.apple.product-type.bundle.ui-testing";
		};
/* End PBXNativeTarget section */

/* Begin PBXProject section */
		96F2B4BE2BFF8E5300B6EDFB /* Project object */ = {
			isa = PBXProject;
			attributes = {
				BuildIndependentTargetsInParallel = 1;
				LastSwiftUpdateCheck = 1540;
				LastUpgradeCheck = 1540;
				TargetAttributes = {
					96F2B4C52BFF8E5300B6EDFB = {
						CreatedOnToolsVersion = 15.4;
					};
					96F2B4D52BFF8E5600B6EDFB = {
						CreatedOnToolsVersion = 15.4;
						TestTargetID = 96F2B4C52BFF8E5300B6EDFB;
					};
					96F2B4DF2BFF8E5600B6EDFB = {
						CreatedOnToolsVersion = 15.4;
						TestTargetID = 96F2B4C52BFF8E5300B6EDFB;
					};
				};
			};
			buildConfigurationList = 96F2B4C12BFF8E5300B6EDFB /* Build configuration list for PBXProject "H4X0R News" */;
			compatibilityVersion = "Xcode 14.0";
			developmentRegion = en;
			hasScannedForEncodings = 0;
			knownRegions = (
				en,
				Base,
			);
			mainGroup = 96F2B4BD2BFF8E5300B6EDFB;
			productRefGroup = 96F2B4C72BFF8E5300B6EDFB /* Products */;
			projectDirPath = "";
			projectRoot = "";
			targets = (
				96F2B4C52BFF8E5300B6EDFB /* H4X0R News */,
				96F2B4D52BFF8E5600B6EDFB /* H4X0R NewsTests */,
				96F2B4DF2BFF8E5600B6EDFB /* H4X0R NewsUITests */,
			);
		};
/* End PBXProject section */

/* Begin PBXResourcesBuildPhase section */
		96F2B4C42BFF8E5300B6EDFB /* Resources */ = {
			isa = PBXResourcesBuildPhase;
			buildActionMask = 2147483647;
			files = (
				96F2B4D12BFF8E5500B6EDFB /* Preview Assets.xcassets in Resources */,
				96F2B4CE2BFF8E5500B6EDFB /* Assets.xcassets in Resources */,
			);
			runOnlyForDeploymentPostprocessing = 0;
		};
		96F2B4D42BFF8E5600B6EDFB /* Resources */ = {
			isa = PBXResourcesBuildPhase;
			buildActionMask = 2147483647;
			files = (
			);
			runOnlyForDeploymentPostprocessing = 0;
		};
		96F2B4DE2BFF8E5600B6EDFB /* Resources */ = {
			isa = PBXResourcesBuildPhase;
			buildActionMask = 2147483647;
			files = (
			);
			runOnlyForDeploymentPostprocessing = 0;
		};
/* End PBXResourcesBuildPhase section */

/* Begin PBXSourcesBuildPhase section */
		96F2B4C22BFF8E5300B6EDFB /* Sources */ = {
			isa = PBXSourcesBuildPhase;
			buildActionMask = 2147483647;
			files = (
				96F2B4F52BFF9C0D00B6EDFB /* NetworkManager.swift in Sources */,
				96F2B4F72BFFB08500B6EDFB /* PostData.swift in Sources */,
				96F2B4CC2BFF8E5300B6EDFB /* ContentView.swift in Sources */,
				96F2B4FE2BFFCBF600B6EDFB /* WebView.swift in Sources */,
				96F2B4FC2BFFBF9C00B6EDFB /* DetailView.swift in Sources */,
				96F2B4CA2BFF8E5300B6EDFB /* H4X0R_NewsApp.swift in Sources */,
			);
			runOnlyForDeploymentPostprocessing = 0;
		};
		96F2B4D22BFF8E5600B6EDFB /* Sources */ = {
			isa = PBXSourcesBuildPhase;
			buildActionMask = 2147483647;
			files = (
				96F2B4DB2BFF8E5600B6EDFB /* H4X0R_NewsTests.swift in Sources */,
			);
			runOnlyForDeploymentPostprocessing = 0;
		};
		96F2B4DC2BFF8E5600B6EDFB /* Sources */ = {
			isa = PBXSourcesBuildPhase;
			buildActionMask = 2147483647;
			files = (
				96F2B4E72BFF8E5600B6EDFB /* H4X0R_NewsUITestsLaunchTests.swift in Sources */,
				96F2B4E52BFF8E5600B6EDFB /* H4X0R_NewsUITests.swift in Sources */,
			);
			runOnlyForDeploymentPostprocessing = 0;
		};
/* End PBXSourcesBuildPhase section */

/* Begin PBXTargetDependency section */
		96F2B4D82BFF8E5600B6EDFB /* PBXTargetDependency */ = {
			isa = PBXTargetDependency;
			target = 96F2B4C52BFF8E5300B6EDFB /* H4X0R News */;
			targetProxy = 96F2B4D72BFF8E5600B6EDFB /* PBXContainerItemProxy */;
		};
		96F2B4E22BFF8E5600B6EDFB /* PBXTargetDependency */ = {
			isa = PBXTargetDependency;
			target = 96F2B4C52BFF8E5300B6EDFB /* H4X0R News */;
			targetProxy = 96F2B4E12BFF8E5600B6EDFB /* PBXContainerItemProxy */;
		};
/* End PBXTargetDependency section */

/* Begin XCBuildConfiguration section */
		96F2B4E82BFF8E5600B6EDFB /* Debug */ = {
			isa = XCBuildConfiguration;
			buildSettings = {
				ALWAYS_SEARCH_USER_PATHS = NO;
				ASSETCATALOG_COMPILER_GENERATE_SWIFT_ASSET_SYMBOL_EXTENSIONS = YES;
				CLANG_ANALYZER_NONNULL = YES;
				CLANG_ANALYZER_NUMBER_OBJECT_CONVERSION = YES_AGGRESSIVE;
				CLANG_CXX_LANGUAGE_STANDARD = "gnu++20";
				CLANG_ENABLE_MODULES = YES;
				CLANG_ENABLE_OBJC_ARC = YES;
				CLANG_ENABLE_OBJC_WEAK = YES;
				CLANG_WARN_BLOCK_CAPTURE_AUTORELEASING = YES;
				CLANG_WARN_BOOL_CONVERSION = YES;
				CLANG_WARN_COMMA = YES;
				CLANG_WARN_CONSTANT_CONVERSION = YES;
				CLANG_WARN_DEPRECATED_OBJC_IMPLEMENTATIONS = YES;
				CLANG_WARN_DIRECT_OBJC_ISA_USAGE = YES_ERROR;
				CLANG_WARN_DOCUMENTATION_COMMENTS = YES;
				CLANG_WARN_EMPTY_BODY = YES;
				CLANG_WARN_ENUM_CONVERSION = YES;
				CLANG_WARN_INFINITE_RECURSION = YES;
				CLANG_WARN_INT_CONVERSION = YES;
				CLANG_WARN_NON_LITERAL_NULL_CONVERSION = YES;
				CLANG_WARN_OBJC_IMPLICIT_RETAIN_SELF = YES;
				CLANG_WARN_OBJC_LITERAL_CONVERSION = YES;
				CLANG_WARN_OBJC_ROOT_CLASS = YES_ERROR;
				CLANG_WARN_QUOTED_INCLUDE_IN_FRAMEWORK_HEADER = YES;
				CLANG_WARN_RANGE_LOOP_ANALYSIS = YES;
				CLANG_WARN_STRICT_PROTOTYPES = YES;
				CLANG_WARN_SUSPICIOUS_MOVE = YES;
				CLANG_WARN_UNGUARDED_AVAILABILITY = YES_AGGRESSIVE;
				CLANG_WARN_UNREACHABLE_CODE = YES;
				CLANG_WARN__DUPLICATE_METHOD_MATCH = YES;
				COPY_PHASE_STRIP = NO;
				DEBUG_INFORMATION_FORMAT = dwarf;
				ENABLE_STRICT_OBJC_MSGSEND = YES;
				ENABLE_TESTABILITY = YES;
				ENABLE_USER_SCRIPT_SANDBOXING = YES;
				GCC_C_LANGUAGE_STANDARD = gnu17;
				GCC_DYNAMIC_NO_PIC = NO;
				GCC_NO_COMMON_BLOCKS = YES;
				GCC_OPTIMIZATION_LEVEL = 0;
				GCC_PREPROCESSOR_DEFINITIONS = (
					"DEBUG=1",
					"$(inherited)",
				);
				GCC_WARN_64_TO_32_BIT_CONVERSION = YES;
				GCC_WARN_ABOUT_RETURN_TYPE = YES_ERROR;
				GCC_WARN_UNDECLARED_SELECTOR = YES;
				GCC_WARN_UNINITIALIZED_AUTOS = YES_AGGRESSIVE;
				GCC_WARN_UNUSED_FUNCTION = YES;
				GCC_WARN_UNUSED_VARIABLE = YES;
				IPHONEOS_DEPLOYMENT_TARGET = 17.5;
				LOCALIZATION_PREFERS_STRING_CATALOGS = YES;
				MTL_ENABLE_DEBUG_INFO = INCLUDE_SOURCE;
				MTL_FAST_MATH = YES;
				ONLY_ACTIVE_ARCH = YES;
				SDKROOT = iphoneos;
				SWIFT_ACTIVE_COMPILATION_CONDITIONS = "DEBUG $(inherited)";
				SWIFT_OPTIMIZATION_LEVEL = "-Onone";
			};
			name = Debug;
		};
		96F2B4E92BFF8E5600B6EDFB /* Release */ = {
			isa = XCBuildConfiguration;
			buildSettings = {
				ALWAYS_SEARCH_USER_PATHS = NO;
				ASSETCATALOG_COMPILER_GENERATE_SWIFT_ASSET_SYMBOL_EXTENSIONS = YES;
				CLANG_ANALYZER_NONNULL = YES;
				CLANG_ANALYZER_NUMBER_OBJECT_CONVERSION = YES_AGGRESSIVE;
				CLANG_CXX_LANGUAGE_STANDARD = "gnu++20";
				CLANG_ENABLE_MODULES = YES;
				CLANG_ENABLE_OBJC_ARC = YES;
				CLANG_ENABLE_OBJC_WEAK = YES;
				CLANG_WARN_BLOCK_CAPTURE_AUTORELEASING = YES;
				CLANG_WARN_BOOL_CONVERSION = YES;
				CLANG_WARN_COMMA = YES;
				CLANG_WARN_CONSTANT_CONVERSION = YES;
				CLANG_WARN_DEPRECATED_OBJC_IMPLEMENTATIONS = YES;
				CLANG_WARN_DIRECT_OBJC_ISA_USAGE = YES_ERROR;
				CLANG_WARN_DOCUMENTATION_COMMENTS = YES;
				CLANG_WARN_EMPTY_BODY = YES;
				CLANG_WARN_ENUM_CONVERSION = YES;
				CLANG_WARN_INFINITE_RECURSION = YES;
				CLANG_WARN_INT_CONVERSION = YES;
				CLANG_WARN_NON_LITERAL_NULL_CONVERSION = YES;
				CLANG_WARN_OBJC_IMPLICIT_RETAIN_SELF = YES;
				CLANG_WARN_OBJC_LITERAL_CONVERSION = YES;
				CLANG_WARN_OBJC_ROOT_CLASS = YES_ERROR;
				CLANG_WARN_QUOTED_INCLUDE_IN_FRAMEWORK_HEADER = YES;
				CLANG_WARN_RANGE_LOOP_ANALYSIS = YES;
				CLANG_WARN_STRICT_PROTOTYPES = YES;
				CLANG_WARN_SUSPICIOUS_MOVE = YES;
				CLANG_WARN_UNGUARDED_AVAILABILITY = YES_AGGRESSIVE;
				CLANG_WARN_UNREACHABLE_CODE = YES;
				CLANG_WARN__DUPLICATE_METHOD_MATCH = YES;
				COPY_PHASE_STRIP = NO;
				DEBUG_INFORMATION_FORMAT = "dwarf-with-dsym";
				ENABLE_NS_ASSERTIONS = NO;
				ENABLE_STRICT_OBJC_MSGSEND = YES;
				ENABLE_USER_SCRIPT_SANDBOXING = YES;
				GCC_C_LANGUAGE_STANDARD = gnu17;
				GCC_NO_COMMON_BLOCKS = YES;
				GCC_WARN_64_TO_32_BIT_CONVERSION = YES;
				GCC_WARN_ABOUT_RETURN_TYPE = YES_ERROR;
				GCC_WARN_UNDECLARED_SELECTOR = YES;
				GCC_WARN_UNINITIALIZED_AUTOS = YES_AGGRESSIVE;
				GCC_WARN_UNUSED_FUNCTION = YES;
				GCC_WARN_UNUSED_VARIABLE = YES;
				IPHONEOS_DEPLOYMENT_TARGET = 17.5;
				LOCALIZATION_PREFERS_STRING_CATALOGS = YES;
				MTL_ENABLE_DEBUG_INFO = NO;
				MTL_FAST_MATH = YES;
				SDKROOT = iphoneos;
				SWIFT_COMPILATION_MODE = wholemodule;
				VALIDATE_PRODUCT = YES;
			};
			name = Release;
		};
		96F2B4EB2BFF8E5600B6EDFB /* Debug */ = {
			isa = XCBuildConfiguration;
			buildSettings = {
				ASSETCATALOG_COMPILER_APPICON_NAME = AppIcon;
				ASSETCATALOG_COMPILER_GLOBAL_ACCENT_COLOR_NAME = AccentColor;
				CODE_SIGN_STYLE = Automatic;
				CURRENT_PROJECT_VERSION = 1;
				DEVELOPMENT_ASSET_PATHS = "\"H4X0R News/Preview Content\"";
				DEVELOPMENT_TEAM = UH8RU635H6;
				ENABLE_PREVIEWS = YES;
				GENERATE_INFOPLIST_FILE = YES;
				INFOPLIST_KEY_UIApplicationSceneManifest_Generation = YES;
				INFOPLIST_KEY_UIApplicationSupportsIndirectInputEvents = YES;
				INFOPLIST_KEY_UILaunchScreen_Generation = YES;
				INFOPLIST_KEY_UISupportedInterfaceOrientations_iPad = "UIInterfaceOrientationPortrait UIInterfaceOrientationPortraitUpsideDown UIInterfaceOrientationLandscapeLeft UIInterfaceOrientationLandscapeRight";
				INFOPLIST_KEY_UISupportedInterfaceOrientations_iPhone = "UIInterfaceOrientationPortrait UIInterfaceOrientationLandscapeLeft UIInterfaceOrientationLandscapeRight";
				LD_RUNPATH_SEARCH_PATHS = (
					"$(inherited)",
					"@executable_path/Frameworks",
				);
				MARKETING_VERSION = 1.0;
				PRODUCT_BUNDLE_IDENTIFIER = "com.yunni.I-AM-Poor.H4X0R-News";
				PRODUCT_NAME = "$(TARGET_NAME)";
				SWIFT_EMIT_LOC_STRINGS = YES;
				SWIFT_VERSION = 5.0;
				TARGETED_DEVICE_FAMILY = "1,2";
			};
			name = Debug;
		};
		96F2B4EC2BFF8E5600B6EDFB /* Release */ = {
			isa = XCBuildConfiguration;
			buildSettings = {
				ASSETCATALOG_COMPILER_APPICON_NAME = AppIcon;
				ASSETCATALOG_COMPILER_GLOBAL_ACCENT_COLOR_NAME = AccentColor;
				CODE_SIGN_STYLE = Automatic;
				CURRENT_PROJECT_VERSION = 1;
				DEVELOPMENT_ASSET_PATHS = "\"H4X0R News/Preview Content\"";
				DEVELOPMENT_TEAM = UH8RU635H6;
				ENABLE_PREVIEWS = YES;
				GENERATE_INFOPLIST_FILE = YES;
				INFOPLIST_KEY_UIApplicationSceneManifest_Generation = YES;
				INFOPLIST_KEY_UIApplicationSupportsIndirectInputEvents = YES;
				INFOPLIST_KEY_UILaunchScreen_Generation = YES;
				INFOPLIST_KEY_UISupportedInterfaceOrientations_iPad = "UIInterfaceOrientationPortrait UIInterfaceOrientationPortraitUpsideDown UIInterfaceOrientationLandscapeLeft UIInterfaceOrientationLandscapeRight";
				INFOPLIST_KEY_UISupportedInterfaceOrientations_iPhone = "UIInterfaceOrientationPortrait UIInterfaceOrientationLandscapeLeft UIInterfaceOrientationLandscapeRight";
				LD_RUNPATH_SEARCH_PATHS = (
					"$(inherited)",
					"@executable_path/Frameworks",
				);
				MARKETING_VERSION = 1.0;
				PRODUCT_BUNDLE_IDENTIFIER = "com.yunni.I-AM-Poor.H4X0R-News";
				PRODUCT_NAME = "$(TARGET_NAME)";
				SWIFT_EMIT_LOC_STRINGS = YES;
				SWIFT_VERSION = 5.0;
				TARGETED_DEVICE_FAMILY = "1,2";
			};
			name = Release;
		};
		96F2B4EE2BFF8E5600B6EDFB /* Debug */ = {
			isa = XCBuildConfiguration;
			buildSettings = {
				ALWAYS_EMBED_SWIFT_STANDARD_LIBRARIES = YES;
				BUNDLE_LOADER = "$(TEST_HOST)";
				CODE_SIGN_STYLE = Automatic;
				CURRENT_PROJECT_VERSION = 1;
				DEVELOPMENT_TEAM = UH8RU635H6;
				GENERATE_INFOPLIST_FILE = YES;
				IPHONEOS_DEPLOYMENT_TARGET = 17.5;
				MARKETING_VERSION = 1.0;
				PRODUCT_BUNDLE_IDENTIFIER = "com.yunni.I-AM-Poor.H4X0R-NewsTests";
				PRODUCT_NAME = "$(TARGET_NAME)";
				SWIFT_EMIT_LOC_STRINGS = NO;
				SWIFT_VERSION = 5.0;
				TARGETED_DEVICE_FAMILY = "1,2";
				TEST_HOST = "$(BUILT_PRODUCTS_DIR)/H4X0R News.app/$(BUNDLE_EXECUTABLE_FOLDER_PATH)/H4X0R News";
			};
			name = Debug;
		};
		96F2B4EF2BFF8E5600B6EDFB /* Release */ = {
			isa = XCBuildConfiguration;
			buildSettings = {
				ALWAYS_EMBED_SWIFT_STANDARD_LIBRARIES = YES;
				BUNDLE_LOADER = "$(TEST_HOST)";
				CODE_SIGN_STYLE = Automatic;
				CURRENT_PROJECT_VERSION = 1;
				DEVELOPMENT_TEAM = UH8RU635H6;
				GENERATE_INFOPLIST_FILE = YES;
				IPHONEOS_DEPLOYMENT_TARGET = 17.5;
				MARKETING_VERSION = 1.0;
				PRODUCT_BUNDLE_IDENTIFIER = "com.yunni.I-AM-Poor.H4X0R-NewsTests";
				PRODUCT_NAME = "$(TARGET_NAME)";
				SWIFT_EMIT_LOC_STRINGS = NO;
				SWIFT_VERSION = 5.0;
				TARGETED_DEVICE_FAMILY = "1,2";
				TEST_HOST = "$(BUILT_PRODUCTS_DIR)/H4X0R News.app/$(BUNDLE_EXECUTABLE_FOLDER_PATH)/H4X0R News";
			};
			name = Release;
		};
		96F2B4F12BFF8E5600B6EDFB /* Debug */ = {
			isa = XCBuildConfiguration;
			buildSettings = {
				ALWAYS_EMBED_SWIFT_STANDARD_LIBRARIES = YES;
				CODE_SIGN_STYLE = Automatic;
				CURRENT_PROJECT_VERSION = 1;
				DEVELOPMENT_TEAM = UH8RU635H6;
				GENERATE_INFOPLIST_FILE = YES;
				MARKETING_VERSION = 1.0;
				PRODUCT_BUNDLE_IDENTIFIER = "com.yunni.I-AM-Poor.H4X0R-NewsUITests";
				PRODUCT_NAME = "$(TARGET_NAME)";
				SWIFT_EMIT_LOC_STRINGS = NO;
				SWIFT_VERSION = 5.0;
				TARGETED_DEVICE_FAMILY = "1,2";
				TEST_TARGET_NAME = "H4X0R News";
			};
			name = Debug;
		};
		96F2B4F22BFF8E5600B6EDFB /* Release */ = {
			isa = XCBuildConfiguration;
			buildSettings = {
				ALWAYS_EMBED_SWIFT_STANDARD_LIBRARIES = YES;
				CODE_SIGN_STYLE = Automatic;
				CURRENT_PROJECT_VERSION = 1;
				DEVELOPMENT_TEAM = UH8RU635H6;
				GENERATE_INFOPLIST_FILE = YES;
				MARKETING_VERSION = 1.0;
				PRODUCT_BUNDLE_IDENTIFIER = "com.yunni.I-AM-Poor.H4X0R-NewsUITests";
				PRODUCT_NAME = "$(TARGET_NAME)";
				SWIFT_EMIT_LOC_STRINGS = NO;
				SWIFT_VERSION = 5.0;
				TARGETED_DEVICE_FAMILY = "1,2";
				TEST_TARGET_NAME = "H4X0R News";
			};
			name = Release;
		};
/* End XCBuildConfiguration section */

/* Begin XCConfigurationList section */
		96F2B4C12BFF8E5300B6EDFB /* Build configuration list for PBXProject "H4X0R News" */ = {
			isa = XCConfigurationList;
			buildConfigurations = (
				96F2B4E82BFF8E5600B6EDFB /* Debug */,
				96F2B4E92BFF8E5600B6EDFB /* Release */,
			);
			defaultConfigurationIsVisible = 0;
			defaultConfigurationName = Release;
		};
		96F2B4EA2BFF8E5600B6EDFB /* Build configuration list for PBXNativeTarget "H4X0R News" */ = {
			isa = XCConfigurationList;
			buildConfigurations = (
				96F2B4EB2BFF8E5600B6EDFB /* Debug */,
				96F2B4EC2BFF8E5600B6EDFB /* Release */,
			);
			defaultConfigurationIsVisible = 0;
			defaultConfigurationName = Release;
		};
		96F2B4ED2BFF8E5600B6EDFB /* Build configuration list for PBXNativeTarget "H4X0R NewsTests" */ = {
			isa = XCConfigurationList;
			buildConfigurations = (
				96F2B4EE2BFF8E5600B6EDFB /* Debug */,
				96F2B4EF2BFF8E5600B6EDFB /* Release */,
			);
			defaultConfigurationIsVisible = 0;
			defaultConfigurationName = Release;
		};
		96F2B4F02BFF8E5600B6EDFB /* Build configuration list for PBXNativeTarget "H4X0R NewsUITests" */ = {
			isa = XCConfigurationList;
			buildConfigurations = (
				96F2B4F12BFF8E5600B6EDFB /* Debug */,
				96F2B4F22BFF8E5600B6EDFB /* Release */,
			);
			defaultConfigurationIsVisible = 0;
			defaultConfigurationName = Release;
		};
/* End XCConfigurationList section */
	};
	rootObject = 96F2B4BE2BFF8E5300B6EDFB /* Project object */;
}
